
Microsoft Visual Studio Solution File, Format Version 12.00
# Visual Studio Version 16
VisualStudioVersion = 16.0.32126.315
MinimumVisualStudioVersion = 10.0.40219.1
Project("{FAE04EC0-301F-11D3-BF4B-00C04F79EFBC}") = "WindowsServicesMonitor", "WindowsServicesMonitor\WindowsServicesMonitor.csproj", "{16F6DDF8-A81E-4EBD-B7CA-74B1F744DCAD}"
EndProject
Project("{FAE04EC0-301F-11D3-BF4B-00C04F79EFBC}") = "WindowsServicesMonitor.Core", "WindowsServicesMonitor.Core\WindowsServicesMonitor.Core.csproj", "{3B4B772C-9423-4499-B3B9-F5D625642E62}"
EndProject
Global
	GlobalSection(SolutionConfigurationPlatforms) = preSolution
		Debug|Any CPU = Debug|Any CPU
		Release|Any CPU = Release|Any CPU
	EndGlobalSection
	GlobalSection(ProjectConfigurationPlatforms) = postSolution
		{16F6DDF8-A81E-4EBD-B7CA-74B1F744DCAD}.Debug|Any CPU.ActiveCfg = Debug|Any CPU
		{16F6DDF8-A81E-4EBD-B7CA-74B1F744DCAD}.Debug|Any CPU.Build.0 = Debug|Any CPU
		{16F6DDF8-A81E-4EBD-B7CA-74B1F744DCAD}.Release|Any CPU.ActiveCfg = Release|Any CPU
		{16F6DDF8-A81E-4EBD-B7CA-74B1F744DCAD}.Release|Any CPU.Build.0 = Release|Any CPU
		{3B4B772C-9423-4499-B3B9-F5D625642E62}.Debug|Any CPU.ActiveCfg = Debug|Any CPU
		{3B4B772C-9423-4499-B3B9-F5D625642E62}.Debug|Any CPU.Build.0 = Debug|Any CPU
		{3B4B772C-9423-4499-B3B9-F5D625642E62}.Release|Any CPU.ActiveCfg = Release|Any CPU
		{3B4B772C-9423-4499-B3B9-F5D625642E62}.Release|Any CPU.Build.0 = Release|Any CPU
	EndGlobalSection
	GlobalSection(SolutionProperties) = preSolution
		HideSolutionNode = FALSE
	EndGlobalSection
	GlobalSection(ExtensibilityGlobals) = postSolution
		SolutionGuid = {2F64FD21-B872-4F9A-B7E1-E4562BEB8D08}
	EndGlobalSection
EndGlobal
